
Microsoft Visual Studio Solution File, Format Version 12.00
Project("{2150E333-8FDC-42A3-9474-1A3956D46DE8}") = "common", "common", "{5C94326B-BB6D-4350-96A5-59DA8E307F24}"
	ProjectSection(SolutionItems) = preProject
		.gitignore = .gitignore
		Directory.Build.props = Directory.Build.props
		Directory.Packages.props = Directory.Packages.props
		docker-compose.yml = docker-compose.yml
		README.md = README.md
	EndProjectSection
EndProject
Project("{2150E333-8FDC-42A3-9474-1A3956D46DE8}") = "src", "src", "{CC60720B-DA5F-4BB0-A819-D5789981D403}"
EndProject
Project("{2150E333-8FDC-42A3-9474-1A3956D46DE8}") = "tests", "tests", "{D4EB40FB-E5C2-459D-BE33-5B9F6AA9ABC6}"
EndProject
Project("{FAE04EC0-301F-11D3-BF4B-00C04F79EFBC}") = "Versta.DeliveryApp.Application", "src\Versta.DeliveryApp.Application\Versta.DeliveryApp.Application.csproj", "{609BC31D-6335-4E89-81C8-079C99EAEF75}"
EndProject
Project("{FAE04EC0-301F-11D3-BF4B-00C04F79EFBC}") = "Versta.DeliveryApp.Domain", "src\Versta.DeliveryApp.Domain\Versta.DeliveryApp.Domain.csproj", "{E1D78EED-C9C1-41A9-B325-9A507B488BA9}"
EndProject
Project("{FAE04EC0-301F-11D3-BF4B-00C04F79EFBC}") = "Versta.DeliveryApp.Infrastructure", "src\Versta.DeliveryApp.Infrastructure\Versta.DeliveryApp.Infrastructure.csproj", "{E8DD828B-9DF2-4A9D-A148-DD95804CE699}"
EndProject
Project("{FAE04EC0-301F-11D3-BF4B-00C04F79EFBC}") = "Versta.DeliveryApp.Web", "src\Versta.DeliveryApp.Web\Versta.DeliveryApp.Web.csproj", "{F1731842-EBAC-41D5-9C09-10EC0E004BBA}"
EndProject
Global
	GlobalSection(SolutionConfigurationPlatforms) = preSolution
		Debug|Any CPU = Debug|Any CPU
		Release|Any CPU = Release|Any CPU
	EndGlobalSection
	GlobalSection(NestedProjects) = preSolution
		{609BC31D-6335-4E89-81C8-079C99EAEF75} = {CC60720B-DA5F-4BB0-A819-D5789981D403}
		{E1D78EED-C9C1-41A9-B325-9A507B488BA9} = {CC60720B-DA5F-4BB0-A819-D5789981D403}
		{E8DD828B-9DF2-4A9D-A148-DD95804CE699} = {CC60720B-DA5F-4BB0-A819-D5789981D403}
		{F1731842-EBAC-41D5-9C09-10EC0E004BBA} = {CC60720B-DA5F-4BB0-A819-D5789981D403}
	EndGlobalSection
	GlobalSection(ProjectConfigurationPlatforms) = postSolution
		{609BC31D-6335-4E89-81C8-079C99EAEF75}.Debug|Any CPU.ActiveCfg = Debug|Any CPU
		{609BC31D-6335-4E89-81C8-079C99EAEF75}.Debug|Any CPU.Build.0 = Debug|Any CPU
		{609BC31D-6335-4E89-81C8-079C99EAEF75}.Release|Any CPU.ActiveCfg = Release|Any CPU
		{609BC31D-6335-4E89-81C8-079C99EAEF75}.Release|Any CPU.Build.0 = Release|Any CPU
		{E1D78EED-C9C1-41A9-B325-9A507B488BA9}.Debug|Any CPU.ActiveCfg = Debug|Any CPU
		{E1D78EED-C9C1-41A9-B325-9A507B488BA9}.Debug|Any CPU.Build.0 = Debug|Any CPU
		{E1D78EED-C9C1-41A9-B325-9A507B488BA9}.Release|Any CPU.ActiveCfg = Release|Any CPU
		{E1D78EED-C9C1-41A9-B325-9A507B488BA9}.Release|Any CPU.Build.0 = Release|Any CPU
		{E8DD828B-9DF2-4A9D-A148-DD95804CE699}.Debug|Any CPU.ActiveCfg = Debug|Any CPU
		{E8DD828B-9DF2-4A9D-A148-DD95804CE699}.Debug|Any CPU.Build.0 = Debug|Any CPU
		{E8DD828B-9DF2-4A9D-A148-DD95804CE699}.Release|Any CPU.ActiveCfg = Release|Any CPU
		{E8DD828B-9DF2-4A9D-A148-DD95804CE699}.Release|Any CPU.Build.0 = Release|Any CPU
		{F1731842-EBAC-41D5-9C09-10EC0E004BBA}.Debug|Any CPU.ActiveCfg = Debug|Any CPU
		{F1731842-EBAC-41D5-9C09-10EC0E004BBA}.Debug|Any CPU.Build.0 = Debug|Any CPU
		{F1731842-EBAC-41D5-9C09-10EC0E004BBA}.Release|Any CPU.ActiveCfg = Release|Any CPU
		{F1731842-EBAC-41D5-9C09-10EC0E004BBA}.Release|Any CPU.Build.0 = Release|Any CPU
	EndGlobalSection
EndGlobal
